
Microsoft Visual Studio Solution File, Format Version 12.00
# Visual Studio Express 2012 for Web
Project("{FAE04EC0-301F-11D3-BF4B-00C04F79EFBC}") = "NIBMProject", "NIBMProject\NIBMProject.csproj", "{3E740FD7-A2FD-416C-90BB-EEB4F60278C2}"
EndProject
Global
	GlobalSection(TeamFoundationVersionControl) = preSolution
		SccNumberOfProjects = 2
		SccEnterpriseProvider = {4CA58AB2-18FA-4F8D-95D4-32DDF27D184C}
		SccTeamFoundationServer = https://amila.visualstudio.com/defaultcollection
		SccLocalPath0 = .
		SccProjectUniqueName1 = NIBMProject\\NIBMProject.csproj
		SccProjectName1 = NIBMProject
		SccLocalPath1 = NIBMProject
	EndGlobalSection
	GlobalSection(SolutionConfigurationPlatforms) = preSolution
		Debug|Any CPU = Debug|Any CPU
		Release|Any CPU = Release|Any CPU
	EndGlobalSection
	GlobalSection(ProjectConfigurationPlatforms) = postSolution
		{3E740FD7-A2FD-416C-90BB-EEB4F60278C2}.Debug|Any CPU.ActiveCfg = Debug|Any CPU
		{3E740FD7-A2FD-416C-90BB-EEB4F60278C2}.Debug|Any CPU.Build.0 = Debug|Any CPU
		{3E740FD7-A2FD-416C-90BB-EEB4F60278C2}.Release|Any CPU.ActiveCfg = Release|Any CPU
		{3E740FD7-A2FD-416C-90BB-EEB4F60278C2}.Release|Any CPU.Build.0 = Release|Any CPU
	EndGlobalSection
	GlobalSection(SolutionProperties) = preSolution
		HideSolutionNode = FALSE
	EndGlobalSection
EndGlobal
